
Microsoft Visual Studio Solution File, Format Version 12.00
# Visual Studio Version 17
VisualStudioVersion = 17.2.32630.192
MinimumVisualStudioVersion = 10.0.40219.1
Project("{FAE04EC0-301F-11D3-BF4B-00C04F79EFBC}") = "BarKasinApp", "BarKasinApp\BarKasinApp.csproj", "{308BA5C2-21AE-4685-86A3-3DC1989E5B80}"
EndProject
Global
	GlobalSection(SolutionConfigurationPlatforms) = preSolution
		Debug|Any CPU = Debug|Any CPU
		Release|Any CPU = Release|Any CPU
	EndGlobalSection
	GlobalSection(ProjectConfigurationPlatforms) = postSolution
		{308BA5C2-21AE-4685-86A3-3DC1989E5B80}.Debug|Any CPU.ActiveCfg = Debug|Any CPU
		{308BA5C2-21AE-4685-86A3-3DC1989E5B80}.Debug|Any CPU.Build.0 = Debug|Any CPU
		{308BA5C2-21AE-4685-86A3-3DC1989E5B80}.Release|Any CPU.ActiveCfg = Release|Any CPU
		{308BA5C2-21AE-4685-86A3-3DC1989E5B80}.Release|Any CPU.Build.0 = Release|Any CPU
	EndGlobalSection
	GlobalSection(SolutionProperties) = preSolution
		HideSolutionNode = FALSE
	EndGlobalSection
	GlobalSection(ExtensibilityGlobals) = postSolution
		SolutionGuid = {C01B72F8-61FF-4056-B13C-DB2DD1E46B12}
	EndGlobalSection
EndGlobal
